// !$*UTF8*$!
{
	archiveVersion = 1;
	classes = {
	};
	objectVersion = 56;
	objects = {

/* Begin PBXBuildFile section */
		7BA6F2272C52A85A00BA117C /* StartView.swift in Sources */ = {isa = PBXBuildFile; fileRef = 7BA6F2262C52A85A00BA117C /* StartView.swift */; };
		7BA6F22A2C52A94900BA117C /* GameView.swift in Sources */ = {isa = PBXBuildFile; fileRef = 7BA6F2292C52A94900BA117C /* GameView.swift */; };
		7BA6F22C2C52A97800BA117C /* GameService.swift in Sources */ = {isa = PBXBuildFile; fileRef = 7BA6F22B2C52A97800BA117C /* GameService.swift */; };
		7BA6F22E2C52A98300BA117C /* GameCircle.swift in Sources */ = {isa = PBXBuildFile; fileRef = 7BA6F22D2C52A98300BA117C /* GameCircle.swift */; };
		7BA6F2302C52A98E00BA117C /* CircleView.swift in Sources */ = {isa = PBXBuildFile; fileRef = 7BA6F22F2C52A98E00BA117C /* CircleView.swift */; };
		7BA6F2352C52A9B800BA117C /* ChateView.swift in Sources */ = {isa = PBXBuildFile; fileRef = 7BA6F2342C52A9B800BA117C /* ChateView.swift */; };
		7BA6F2372C52AA4200BA117C /* ChatMessageRow.swift in Sources */ = {isa = PBXBuildFile; fileRef = 7BA6F2362C52AA4200BA117C /* ChatMessageRow.swift */; };
		7BA6F23D2C52AAE500BA117C /* MPConnectionManager.swift in Sources */ = {isa = PBXBuildFile; fileRef = 7BA6F23C2C52AAE500BA117C /* MPConnectionManager.swift */; };
		7BA6F23F2C52AB1900BA117C /* MPPeersView.swift in Sources */ = {isa = PBXBuildFile; fileRef = 7BA6F23E2C52AB1900BA117C /* MPPeersView.swift */; };
		7BA6F2412C52AB2E00BA117C /* MPGameMove.swift in Sources */ = {isa = PBXBuildFile; fileRef = 7BA6F2402C52AB2E00BA117C /* MPGameMove.swift */; };
		7BA6F2432C52AB9800BA117C /* GameModels.swift in Sources */ = {isa = PBXBuildFile; fileRef = 7BA6F2422C52AB9800BA117C /* GameModels.swift */; };
		7BA6F2452C52ABAC00BA117C /* MessageModel.swift in Sources */ = {isa = PBXBuildFile; fileRef = 7BA6F2442C52ABAC00BA117C /* MessageModel.swift */; };
		7BA6F2472C52ABFF00BA117C /* PlayerButtonStyle.swift in Sources */ = {isa = PBXBuildFile; fileRef = 7BA6F2462C52ABFF00BA117C /* PlayerButtonStyle.swift */; };
		7BA6F2492C52AC1F00BA117C /* RoundedTextFieldStyle.swift in Sources */ = {isa = PBXBuildFile; fileRef = 7BA6F2482C52AC1F00BA117C /* RoundedTextFieldStyle.swift */; };
		7BA6F24B2C52AC3500BA117C /* ViewModifiers.swift in Sources */ = {isa = PBXBuildFile; fileRef = 7BA6F24A2C52AC3500BA117C /* ViewModifiers.swift */; };
		7BA6F24D2C52AC6500BA117C /* Character+Exts.swift in Sources */ = {isa = PBXBuildFile; fileRef = 7BA6F24C2C52AC6500BA117C /* Character+Exts.swift */; };
		7BA6F24F2C52AC7600BA117C /* String+Exts.swift in Sources */ = {isa = PBXBuildFile; fileRef = 7BA6F24E2C52AC7600BA117C /* String+Exts.swift */; };
		7BA6F2512C52ACDA00BA117C /* YourNameView.swift in Sources */ = {isa = PBXBuildFile; fileRef = 7BA6F2502C52ACDA00BA117C /* YourNameView.swift */; };
		7BA6F2532C52B81E00BA117C /* Launch Screen.storyboard in Resources */ = {isa = PBXBuildFile; fileRef = 7BA6F2522C52B81E00BA117C /* Launch Screen.storyboard */; };
		7BE7DB472C52A526007F7487 /* oneLeftApp.swift in Sources */ = {isa = PBXBuildFile; fileRef = 7BE7DB462C52A526007F7487 /* oneLeftApp.swift */; };
		7BE7DB492C52A526007F7487 /* ContentView.swift in Sources */ = {isa = PBXBuildFile; fileRef = 7BE7DB482C52A526007F7487 /* ContentView.swift */; };
		7BE7DB4B2C52A52A007F7487 /* Assets.xcassets in Resources */ = {isa = PBXBuildFile; fileRef = 7BE7DB4A2C52A52A007F7487 /* Assets.xcassets */; };
		7BE7DB4E2C52A52A007F7487 /* Preview Assets.xcassets in Resources */ = {isa = PBXBuildFile; fileRef = 7BE7DB4D2C52A52A007F7487 /* Preview Assets.xcassets */; };
		7BE7DB502C52A52A007F7487 /* Persistence.swift in Sources */ = {isa = PBXBuildFile; fileRef = 7BE7DB4F2C52A52A007F7487 /* Persistence.swift */; };
		7BE7DB532C52A52A007F7487 /* oneLeft.xcdatamodeld in Sources */ = {isa = PBXBuildFile; fileRef = 7BE7DB512C52A52A007F7487 /* oneLeft.xcdatamodeld */; };
		7BE7DB5D2C52A52B007F7487 /* oneLeftTests.swift in Sources */ = {isa = PBXBuildFile; fileRef = 7BE7DB5C2C52A52B007F7487 /* oneLeftTests.swift */; };
		7BE7DB672C52A52B007F7487 /* oneLeftUITests.swift in Sources */ = {isa = PBXBuildFile; fileRef = 7BE7DB662C52A52B007F7487 /* oneLeftUITests.swift */; };
		7BE7DB692C52A52B007F7487 /* oneLeftUITestsLaunchTests.swift in Sources */ = {isa = PBXBuildFile; fileRef = 7BE7DB682C52A52B007F7487 /* oneLeftUITestsLaunchTests.swift */; };
/* End PBXBuildFile section */

/* Begin PBXContainerItemProxy section */
		7BE7DB592C52A52B007F7487 /* PBXContainerItemProxy */ = {
			isa = PBXContainerItemProxy;
			containerPortal = 7BE7DB3B2C52A526007F7487 /* Project object */;
			proxyType = 1;
			remoteGlobalIDString = 7BE7DB422C52A526007F7487;
			remoteInfo = oneLeft;
		};
		7BE7DB632C52A52B007F7487 /* PBXContainerItemProxy */ = {
			isa = PBXContainerItemProxy;
			containerPortal = 7BE7DB3B2C52A526007F7487 /* Project object */;
			proxyType = 1;
			remoteGlobalIDString = 7BE7DB422C52A526007F7487;
			remoteInfo = oneLeft;
		};
/* End PBXContainerItemProxy section */

/* Begin PBXFileReference section */
		7BA6F2262C52A85A00BA117C /* StartView.swift */ = {isa = PBXFileReference; lastKnownFileType = sourcecode.swift; path = StartView.swift; sourceTree = "<group>"; };
		7BA6F2292C52A94900BA117C /* GameView.swift */ = {isa = PBXFileReference; lastKnownFileType = sourcecode.swift; path = GameView.swift; sourceTree = "<group>"; };
		7BA6F22B2C52A97800BA117C /* GameService.swift */ = {isa = PBXFileReference; lastKnownFileType = sourcecode.swift; path = GameService.swift; sourceTree = "<group>"; };
		7BA6F22D2C52A98300BA117C /* GameCircle.swift */ = {isa = PBXFileReference; lastKnownFileType = sourcecode.swift; path = GameCircle.swift; sourceTree = "<group>"; };
		7BA6F22F2C52A98E00BA117C /* CircleView.swift */ = {isa = PBXFileReference; lastKnownFileType = sourcecode.swift; path = CircleView.swift; sourceTree = "<group>"; };
		7BA6F2342C52A9B800BA117C /* ChateView.swift */ = {isa = PBXFileReference; lastKnownFileType = sourcecode.swift; path = ChateView.swift; sourceTree = "<group>"; };
		7BA6F2362C52AA4200BA117C /* ChatMessageRow.swift */ = {isa = PBXFileReference; lastKnownFileType = sourcecode.swift; path = ChatMessageRow.swift; sourceTree = "<group>"; };
		7BA6F23C2C52AAE500BA117C /* MPConnectionManager.swift */ = {isa = PBXFileReference; lastKnownFileType = sourcecode.swift; path = MPConnectionManager.swift; sourceTree = "<group>"; };
		7BA6F23E2C52AB1900BA117C /* MPPeersView.swift */ = {isa = PBXFileReference; lastKnownFileType = sourcecode.swift; path = MPPeersView.swift; sourceTree = "<group>"; };
		7BA6F2402C52AB2E00BA117C /* MPGameMove.swift */ = {isa = PBXFileReference; lastKnownFileType = sourcecode.swift; path = MPGameMove.swift; sourceTree = "<group>"; };
		7BA6F2422C52AB9800BA117C /* GameModels.swift */ = {isa = PBXFileReference; lastKnownFileType = sourcecode.swift; path = GameModels.swift; sourceTree = "<group>"; };
		7BA6F2442C52ABAC00BA117C /* MessageModel.swift */ = {isa = PBXFileReference; lastKnownFileType = sourcecode.swift; path = MessageModel.swift; sourceTree = "<group>"; };
		7BA6F2462C52ABFF00BA117C /* PlayerButtonStyle.swift */ = {isa = PBXFileReference; lastKnownFileType = sourcecode.swift; path = PlayerButtonStyle.swift; sourceTree = "<group>"; };
		7BA6F2482C52AC1F00BA117C /* RoundedTextFieldStyle.swift */ = {isa = PBXFileReference; lastKnownFileType = sourcecode.swift; path = RoundedTextFieldStyle.swift; sourceTree = "<group>"; };
		7BA6F24A2C52AC3500BA117C /* ViewModifiers.swift */ = {isa = PBXFileReference; lastKnownFileType = sourcecode.swift; path = ViewModifiers.swift; sourceTree = "<group>"; };
		7BA6F24C2C52AC6500BA117C /* Character+Exts.swift */ = {isa = PBXFileReference; lastKnownFileType = sourcecode.swift; path = "Character+Exts.swift"; sourceTree = "<group>"; };
		7BA6F24E2C52AC7600BA117C /* String+Exts.swift */ = {isa = PBXFileReference; lastKnownFileType = sourcecode.swift; path = "String+Exts.swift"; sourceTree = "<group>"; };
		7BA6F2502C52ACDA00BA117C /* YourNameView.swift */ = {isa = PBXFileReference; lastKnownFileType = sourcecode.swift; path = YourNameView.swift; sourceTree = "<group>"; };
		7BA6F2522C52B81E00BA117C /* Launch Screen.storyboard */ = {isa = PBXFileReference; lastKnownFileType = file.storyboard; path = "Launch Screen.storyboard"; sourceTree = "<group>"; };
		7BE7DB432C52A526007F7487 /* oneLeft.app */ = {isa = PBXFileReference; explicitFileType = wrapper.application; includeInIndex = 0; path = oneLeft.app; sourceTree = BUILT_PRODUCTS_DIR; };
		7BE7DB462C52A526007F7487 /* oneLeftApp.swift */ = {isa = PBXFileReference; lastKnownFileType = sourcecode.swift; path = oneLeftApp.swift; sourceTree = "<group>"; };
		7BE7DB482C52A526007F7487 /* ContentView.swift */ = {isa = PBXFileReference; lastKnownFileType = sourcecode.swift; path = ContentView.swift; sourceTree = "<group>"; };
		7BE7DB4A2C52A52A007F7487 /* Assets.xcassets */ = {isa = PBXFileReference; lastKnownFileType = folder.assetcatalog; path = Assets.xcassets; sourceTree = "<group>"; };
		7BE7DB4D2C52A52A007F7487 /* Preview Assets.xcassets */ = {isa = PBXFileReference; lastKnownFileType = folder.assetcatalog; path = "Preview Assets.xcassets"; sourceTree = "<group>"; };
		7BE7DB4F2C52A52A007F7487 /* Persistence.swift */ = {isa = PBXFileReference; lastKnownFileType = sourcecode.swift; path = Persistence.swift; sourceTree = "<group>"; };
		7BE7DB522C52A52A007F7487 /* oneLeft.xcdatamodel */ = {isa = PBXFileReference; lastKnownFileType = wrapper.xcdatamodel; path = oneLeft.xcdatamodel; sourceTree = "<group>"; };
		7BE7DB582C52A52B007F7487 /* oneLeftTests.xctest */ = {isa = PBXFileReference; explicitFileType = wrapper.cfbundle; includeInIndex = 0; path = oneLeftTests.xctest; sourceTree = BUILT_PRODUCTS_DIR; };
		7BE7DB5C2C52A52B007F7487 /* oneLeftTests.swift */ = {isa = PBXFileReference; lastKnownFileType = sourcecode.swift; path = oneLeftTests.swift; sourceTree = "<group>"; };
		7BE7DB622C52A52B007F7487 /* oneLeftUITests.xctest */ = {isa = PBXFileReference; explicitFileType = wrapper.cfbundle; includeInIndex = 0; path = oneLeftUITests.xctest; sourceTree = BUILT_PRODUCTS_DIR; };
		7BE7DB662C52A52B007F7487 /* oneLeftUITests.swift */ = {isa = PBXFileReference; lastKnownFileType = sourcecode.swift; path = oneLeftUITests.swift; sourceTree = "<group>"; };
		7BE7DB682C52A52B007F7487 /* oneLeftUITestsLaunchTests.swift */ = {isa = PBXFileReference; lastKnownFileType = sourcecode.swift; path = oneLeftUITestsLaunchTests.swift; sourceTree = "<group>"; };
		7BE7DB752C52A605007F7487 /* Info.plist */ = {isa = PBXFileReference; lastKnownFileType = text.plist; path = Info.plist; sourceTree = "<group>"; };
/* End PBXFileReference section */

/* Begin PBXFrameworksBuildPhase section */
		7BE7DB402C52A526007F7487 /* Frameworks */ = {
			isa = PBXFrameworksBuildPhase;
			buildActionMask = 2147483647;
			files = (
			);
			runOnlyForDeploymentPostprocessing = 0;
		};
		7BE7DB552C52A52B007F7487 /* Frameworks */ = {
			isa = PBXFrameworksBuildPhase;
			buildActionMask = 2147483647;
			files = (
			);
			runOnlyForDeploymentPostprocessing = 0;
		};
		7BE7DB5F2C52A52B007F7487 /* Frameworks */ = {
			isa = PBXFrameworksBuildPhase;
			buildActionMask = 2147483647;
			files = (
			);
			runOnlyForDeploymentPostprocessing = 0;
		};
/* End PBXFrameworksBuildPhase section */

/* Begin PBXGroup section */
		7BA6F2282C52A92F00BA117C /* Game Screen */ = {
			isa = PBXGroup;
			children = (
				7BA6F2292C52A94900BA117C /* GameView.swift */,
				7BA6F22B2C52A97800BA117C /* GameService.swift */,
				7BA6F22D2C52A98300BA117C /* GameCircle.swift */,
				7BA6F22F2C52A98E00BA117C /* CircleView.swift */,
			);
			path = "Game Screen";
			sourceTree = "<group>";
		};
		7BA6F2312C52A99800BA117C /* Chat */ = {
			isa = PBXGroup;
			children = (
				7BA6F2322C52A9A300BA117C /* Message */,
				7BA6F2342C52A9B800BA117C /* ChateView.swift */,
			);
			path = Chat;
			sourceTree = "<group>";
		};
		7BA6F2322C52A9A300BA117C /* Message */ = {
			isa = PBXGroup;
			children = (
				7BA6F2362C52AA4200BA117C /* ChatMessageRow.swift */,
			);
			path = Message;
			sourceTree = "<group>";
		};
		7BA6F2382C52AA6E00BA117C /* Multipeer */ = {
			isa = PBXGroup;
			children = (
				7BA6F23C2C52AAE500BA117C /* MPConnectionManager.swift */,
				7BA6F23E2C52AB1900BA117C /* MPPeersView.swift */,
				7BA6F2402C52AB2E00BA117C /* MPGameMove.swift */,
			);
			path = Multipeer;
			sourceTree = "<group>";
		};
		7BA6F2392C52AA7B00BA117C /* Models */ = {
			isa = PBXGroup;
			children = (
				7BA6F2422C52AB9800BA117C /* GameModels.swift */,
				7BA6F2442C52ABAC00BA117C /* MessageModel.swift */,
			);
			path = Models;
			sourceTree = "<group>";
		};
		7BA6F23A2C52AAB700BA117C /* Utilities */ = {
			isa = PBXGroup;
			children = (
				7BA6F23B2C52AAC000BA117C /* Styles */,
				7BA6F24A2C52AC3500BA117C /* ViewModifiers.swift */,
				7BA6F24C2C52AC6500BA117C /* Character+Exts.swift */,
				7BA6F24E2C52AC7600BA117C /* String+Exts.swift */,
			);
			path = Utilities;
			sourceTree = "<group>";
		};
		7BA6F23B2C52AAC000BA117C /* Styles */ = {
			isa = PBXGroup;
			children = (
				7BA6F2462C52ABFF00BA117C /* PlayerButtonStyle.swift */,
				7BA6F2482C52AC1F00BA117C /* RoundedTextFieldStyle.swift */,
			);
			path = Styles;
			sourceTree = "<group>";
		};
		7BE7DB3A2C52A526007F7487 = {
			isa = PBXGroup;
			children = (
				7BE7DB452C52A526007F7487 /* oneLeft */,
				7BE7DB5B2C52A52B007F7487 /* oneLeftTests */,
				7BE7DB652C52A52B007F7487 /* oneLeftUITests */,
				7BE7DB442C52A526007F7487 /* Products */,
			);
			sourceTree = "<group>";
		};
		7BE7DB442C52A526007F7487 /* Products */ = {
			isa = PBXGroup;
			children = (
				7BE7DB432C52A526007F7487 /* oneLeft.app */,
				7BE7DB582C52A52B007F7487 /* oneLeftTests.xctest */,
				7BE7DB622C52A52B007F7487 /* oneLeftUITests.xctest */,
			);
			name = Products;
			sourceTree = "<group>";
		};
		7BE7DB452C52A526007F7487 /* oneLeft */ = {
			isa = PBXGroup;
			children = (
				7BE7DB752C52A605007F7487 /* Info.plist */,
				7BE7DB462C52A526007F7487 /* oneLeftApp.swift */,
				7BA6F2262C52A85A00BA117C /* StartView.swift */,
				7BA6F2502C52ACDA00BA117C /* YourNameView.swift */,
				7BE7DB482C52A526007F7487 /* ContentView.swift */,
				7BA6F2282C52A92F00BA117C /* Game Screen */,
				7BA6F2312C52A99800BA117C /* Chat */,
				7BA6F2382C52AA6E00BA117C /* Multipeer */,
				7BA6F2392C52AA7B00BA117C /* Models */,
				7BA6F23A2C52AAB700BA117C /* Utilities */,
				7BE7DB4A2C52A52A007F7487 /* Assets.xcassets */,
				7BA6F2522C52B81E00BA117C /* Launch Screen.storyboard */,
				7BE7DB4F2C52A52A007F7487 /* Persistence.swift */,
				7BE7DB512C52A52A007F7487 /* oneLeft.xcdatamodeld */,
				7BE7DB4C2C52A52A007F7487 /* Preview Content */,
			);
			path = oneLeft;
			sourceTree = "<group>";
		};
		7BE7DB4C2C52A52A007F7487 /* Preview Content */ = {
			isa = PBXGroup;
			children = (
				7BE7DB4D2C52A52A007F7487 /* Preview Assets.xcassets */,
			);
			path = "Preview Content";
			sourceTree = "<group>";
		};
		7BE7DB5B2C52A52B007F7487 /* oneLeftTests */ = {
			isa = PBXGroup;
			children = (
				7BE7DB5C2C52A52B007F7487 /* oneLeftTests.swift */,
			);
			path = oneLeftTests;
			sourceTree = "<group>";
		};
		7BE7DB652C52A52B007F7487 /* oneLeftUITests */ = {
			isa = PBXGroup;
			children = (
				7BE7DB662C52A52B007F7487 /* oneLeftUITests.swift */,
				7BE7DB682C52A52B007F7487 /* oneLeftUITestsLaunchTests.swift */,
			);
			path = oneLeftUITests;
			sourceTree = "<group>";
		};
/* End PBXGroup section */

/* Begin PBXNativeTarget section */
		7BE7DB422C52A526007F7487 /* oneLeft */ = {
			isa = PBXNativeTarget;
			buildConfigurationList = 7BE7DB6C2C52A52B007F7487 /* Build configuration list for PBXNativeTarget "oneLeft" */;
			buildPhases = (
				7BE7DB3F2C52A526007F7487 /* Sources */,
				7BE7DB402C52A526007F7487 /* Frameworks */,
				7BE7DB412C52A526007F7487 /* Resources */,
			);
			buildRules = (
			);
			dependencies = (
			);
			name = oneLeft;
			productName = oneLeft;
			productReference = 7BE7DB432C52A526007F7487 /* oneLeft.app */;
			productType = "com.apple.product-type.application";
		};
		7BE7DB572C52A52B007F7487 /* oneLeftTests */ = {
			isa = PBXNativeTarget;
			buildConfigurationList = 7BE7DB6F2C52A52B007F7487 /* Build configuration list for PBXNativeTarget "oneLeftTests" */;
			buildPhases = (
				7BE7DB542C52A52B007F7487 /* Sources */,
				7BE7DB552C52A52B007F7487 /* Frameworks */,
				7BE7DB562C52A52B007F7487 /* Resources */,
			);
			buildRules = (
			);
			dependencies = (
				7BE7DB5A2C52A52B007F7487 /* PBXTargetDependency */,
			);
			name = oneLeftTests;
			productName = oneLeftTests;
			productReference = 7BE7DB582C52A52B007F7487 /* oneLeftTests.xctest */;
			productType = "com.apple.product-type.bundle.unit-test";
		};
		7BE7DB612C52A52B007F7487 /* oneLeftUITests */ = {
			isa = PBXNativeTarget;
			buildConfigurationList = 7BE7DB722C52A52B007F7487 /* Build configuration list for PBXNativeTarget "oneLeftUITests" */;
			buildPhases = (
				7BE7DB5E2C52A52B007F7487 /* Sources */,
				7BE7DB5F2C52A52B007F7487 /* Frameworks */,
				7BE7DB602C52A52B007F7487 /* Resources */,
			);
			buildRules = (
			);
			dependencies = (
				7BE7DB642C52A52B007F7487 /* PBXTargetDependency */,
			);
			name = oneLeftUITests;
			productName = oneLeftUITests;
			productReference = 7BE7DB622C52A52B007F7487 /* oneLeftUITests.xctest */;
			productType = "com.apple.product-type.bundle.ui-testing";
		};
/* End PBXNativeTarget section */

/* Begin PBXProject section */
		7BE7DB3B2C52A526007F7487 /* Project object */ = {
			isa = PBXProject;
			attributes = {
				BuildIndependentTargetsInParallel = 1;
				LastSwiftUpdateCheck = 1540;
				LastUpgradeCheck = 1540;
				TargetAttributes = {
					7BE7DB422C52A526007F7487 = {
						CreatedOnToolsVersion = 15.4;
					};
					7BE7DB572C52A52B007F7487 = {
						CreatedOnToolsVersion = 15.4;
						TestTargetID = 7BE7DB422C52A526007F7487;
					};
					7BE7DB612C52A52B007F7487 = {
						CreatedOnToolsVersion = 15.4;
						TestTargetID = 7BE7DB422C52A526007F7487;
					};
				};
			};
			buildConfigurationList = 7BE7DB3E2C52A526007F7487 /* Build configuration list for PBXProject "oneLeft" */;
			compatibilityVersion = "Xcode 14.0";
			developmentRegion = en;
			hasScannedForEncodings = 0;
			knownRegions = (
				en,
				Base,
			);
			mainGroup = 7BE7DB3A2C52A526007F7487;
			productRefGroup = 7BE7DB442C52A526007F7487 /* Products */;
			projectDirPath = "";
			projectRoot = "";
			targets = (
				7BE7DB422C52A526007F7487 /* oneLeft */,
				7BE7DB572C52A52B007F7487 /* oneLeftTests */,
				7BE7DB612C52A52B007F7487 /* oneLeftUITests */,
			);
		};
/* End PBXProject section */

/* Begin PBXResourcesBuildPhase section */
		7BE7DB412C52A526007F7487 /* Resources */ = {
			isa = PBXResourcesBuildPhase;
			buildActionMask = 2147483647;
			files = (
				7BA6F2532C52B81E00BA117C /* Launch Screen.storyboard in Resources */,
				7BE7DB4E2C52A52A007F7487 /* Preview Assets.xcassets in Resources */,
				7BE7DB4B2C52A52A007F7487 /* Assets.xcassets in Resources */,
			);
			runOnlyForDeploymentPostprocessing = 0;
		};
		7BE7DB562C52A52B007F7487 /* Resources */ = {
			isa = PBXResourcesBuildPhase;
			buildActionMask = 2147483647;
			files = (
			);
			runOnlyForDeploymentPostprocessing = 0;
		};
		7BE7DB602C52A52B007F7487 /* Resources */ = {
			isa = PBXResourcesBuildPhase;
			buildActionMask = 2147483647;
			files = (
			);
			runOnlyForDeploymentPostprocessing = 0;
		};
/* End PBXResourcesBuildPhase section */

/* Begin PBXSourcesBuildPhase section */
		7BE7DB3F2C52A526007F7487 /* Sources */ = {
			isa = PBXSourcesBuildPhase;
			buildActionMask = 2147483647;
			files = (
				7BA6F2512C52ACDA00BA117C /* YourNameView.swift in Sources */,
				7BA6F2302C52A98E00BA117C /* CircleView.swift in Sources */,
				7BE7DB502C52A52A007F7487 /* Persistence.swift in Sources */,
				7BA6F2472C52ABFF00BA117C /* PlayerButtonStyle.swift in Sources */,
				7BA6F24B2C52AC3500BA117C /* ViewModifiers.swift in Sources */,
				7BA6F22C2C52A97800BA117C /* GameService.swift in Sources */,
				7BA6F2452C52ABAC00BA117C /* MessageModel.swift in Sources */,
				7BA6F23F2C52AB1900BA117C /* MPPeersView.swift in Sources */,
				7BA6F2372C52AA4200BA117C /* ChatMessageRow.swift in Sources */,
				7BA6F2272C52A85A00BA117C /* StartView.swift in Sources */,
				7BA6F2352C52A9B800BA117C /* ChateView.swift in Sources */,
				7BA6F2432C52AB9800BA117C /* GameModels.swift in Sources */,
				7BE7DB532C52A52A007F7487 /* oneLeft.xcdatamodeld in Sources */,
				7BA6F2492C52AC1F00BA117C /* RoundedTextFieldStyle.swift in Sources */,
				7BE7DB492C52A526007F7487 /* ContentView.swift in Sources */,
				7BA6F2412C52AB2E00BA117C /* MPGameMove.swift in Sources */,
				7BA6F24D2C52AC6500BA117C /* Character+Exts.swift in Sources */,
				7BA6F23D2C52AAE500BA117C /* MPConnectionManager.swift in Sources */,
				7BA6F22A2C52A94900BA117C /* GameView.swift in Sources */,
				7BE7DB472C52A526007F7487 /* oneLeftApp.swift in Sources */,
				7BA6F22E2C52A98300BA117C /* GameCircle.swift in Sources */,
				7BA6F24F2C52AC7600BA117C /* String+Exts.swift in Sources */,
			);
			runOnlyForDeploymentPostprocessing = 0;
		};
		7BE7DB542C52A52B007F7487 /* Sources */ = {
			isa = PBXSourcesBuildPhase;
			buildActionMask = 2147483647;
			files = (
				7BE7DB5D2C52A52B007F7487 /* oneLeftTests.swift in Sources */,
			);
			runOnlyForDeploymentPostprocessing = 0;
		};
		7BE7DB5E2C52A52B007F7487 /* Sources */ = {
			isa = PBXSourcesBuildPhase;
			buildActionMask = 2147483647;
			files = (
				7BE7DB692C52A52B007F7487 /* oneLeftUITestsLaunchTests.swift in Sources */,
				7BE7DB672C52A52B007F7487 /* oneLeftUITests.swift in Sources */,
			);
			runOnlyForDeploymentPostprocessing = 0;
		};
/* End PBXSourcesBuildPhase section */

/* Begin PBXTargetDependency section */
		7BE7DB5A2C52A52B007F7487 /* PBXTargetDependency */ = {
			isa = PBXTargetDependency;
			target = 7BE7DB422C52A526007F7487 /* oneLeft */;
			targetProxy = 7BE7DB592C52A52B007F7487 /* PBXContainerItemProxy */;
		};
		7BE7DB642C52A52B007F7487 /* PBXTargetDependency */ = {
			isa = PBXTargetDependency;
			target = 7BE7DB422C52A526007F7487 /* oneLeft */;
			targetProxy = 7BE7DB632C52A52B007F7487 /* PBXContainerItemProxy */;
		};
/* End PBXTargetDependency section */

/* Begin XCBuildConfiguration section */
		7BE7DB6A2C52A52B007F7487 /* Debug */ = {
			isa = XCBuildConfiguration;
			buildSettings = {
				ALWAYS_SEARCH_USER_PATHS = NO;
				ASSETCATALOG_COMPILER_GENERATE_SWIFT_ASSET_SYMBOL_EXTENSIONS = YES;
				CLANG_ANALYZER_NONNULL = YES;
				CLANG_ANALYZER_NUMBER_OBJECT_CONVERSION = YES_AGGRESSIVE;
				CLANG_CXX_LANGUAGE_STANDARD = "gnu++20";
				CLANG_ENABLE_MODULES = YES;
				CLANG_ENABLE_OBJC_ARC = YES;
				CLANG_ENABLE_OBJC_WEAK = YES;
				CLANG_WARN_BLOCK_CAPTURE_AUTORELEASING = YES;
				CLANG_WARN_BOOL_CONVERSION = YES;
				CLANG_WARN_COMMA = YES;
				CLANG_WARN_CONSTANT_CONVERSION = YES;
				CLANG_WARN_DEPRECATED_OBJC_IMPLEMENTATIONS = YES;
				CLANG_WARN_DIRECT_OBJC_ISA_USAGE = YES_ERROR;
				CLANG_WARN_DOCUMENTATION_COMMENTS = YES;
				CLANG_WARN_EMPTY_BODY = YES;
				CLANG_WARN_ENUM_CONVERSION = YES;
				CLANG_WARN_INFINITE_RECURSION = YES;
				CLANG_WARN_INT_CONVERSION = YES;
				CLANG_WARN_NON_LITERAL_NULL_CONVERSION = YES;
				CLANG_WARN_OBJC_IMPLICIT_RETAIN_SELF = YES;
				CLANG_WARN_OBJC_LITERAL_CONVERSION = YES;
				CLANG_WARN_OBJC_ROOT_CLASS = YES_ERROR;
				CLANG_WARN_QUOTED_INCLUDE_IN_FRAMEWORK_HEADER = YES;
				CLANG_WARN_RANGE_LOOP_ANALYSIS = YES;
				CLANG_WARN_STRICT_PROTOTYPES = YES;
				CLANG_WARN_SUSPICIOUS_MOVE = YES;
				CLANG_WARN_UNGUARDED_AVAILABILITY = YES_AGGRESSIVE;
				CLANG_WARN_UNREACHABLE_CODE = YES;
				CLANG_WARN__DUPLICATE_METHOD_MATCH = YES;
				COPY_PHASE_STRIP = NO;
				DEBUG_INFORMATION_FORMAT = dwarf;
				ENABLE_STRICT_OBJC_MSGSEND = YES;
				ENABLE_TESTABILITY = YES;
				ENABLE_USER_SCRIPT_SANDBOXING = YES;
				GCC_C_LANGUAGE_STANDARD = gnu17;
				GCC_DYNAMIC_NO_PIC = NO;
				GCC_NO_COMMON_BLOCKS = YES;
				GCC_OPTIMIZATION_LEVEL = 0;
				GCC_PREPROCESSOR_DEFINITIONS = (
					"DEBUG=1",
					"$(inherited)",
				);
				GCC_WARN_64_TO_32_BIT_CONVERSION = YES;
				GCC_WARN_ABOUT_RETURN_TYPE = YES_ERROR;
				GCC_WARN_UNDECLARED_SELECTOR = YES;
				GCC_WARN_UNINITIALIZED_AUTOS = YES_AGGRESSIVE;
				GCC_WARN_UNUSED_FUNCTION = YES;
				GCC_WARN_UNUSED_VARIABLE = YES;
				IPHONEOS_DEPLOYMENT_TARGET = 17.5;
				LOCALIZATION_PREFERS_STRING_CATALOGS = YES;
				MTL_ENABLE_DEBUG_INFO = INCLUDE_SOURCE;
				MTL_FAST_MATH = YES;
				ONLY_ACTIVE_ARCH = YES;
				SDKROOT = iphoneos;
				SWIFT_ACTIVE_COMPILATION_CONDITIONS = "DEBUG $(inherited)";
				SWIFT_OPTIMIZATION_LEVEL = "-Onone";
			};
			name = Debug;
		};
		7BE7DB6B2C52A52B007F7487 /* Release */ = {
			isa = XCBuildConfiguration;
			buildSettings = {
				ALWAYS_SEARCH_USER_PATHS = NO;
				ASSETCATALOG_COMPILER_GENERATE_SWIFT_ASSET_SYMBOL_EXTENSIONS = YES;
				CLANG_ANALYZER_NONNULL = YES;
				CLANG_ANALYZER_NUMBER_OBJECT_CONVERSION = YES_AGGRESSIVE;
				CLANG_CXX_LANGUAGE_STANDARD = "gnu++20";
				CLANG_ENABLE_MODULES = YES;
				CLANG_ENABLE_OBJC_ARC = YES;
				CLANG_ENABLE_OBJC_WEAK = YES;
				CLANG_WARN_BLOCK_CAPTURE_AUTORELEASING = YES;
				CLANG_WARN_BOOL_CONVERSION = YES;
				CLANG_WARN_COMMA = YES;
				CLANG_WARN_CONSTANT_CONVERSION = YES;
				CLANG_WARN_DEPRECATED_OBJC_IMPLEMENTATIONS = YES;
				CLANG_WARN_DIRECT_OBJC_ISA_USAGE = YES_ERROR;
				CLANG_WARN_DOCUMENTATION_COMMENTS = YES;
				CLANG_WARN_EMPTY_BODY = YES;
				CLANG_WARN_ENUM_CONVERSION = YES;
				CLANG_WARN_INFINITE_RECURSION = YES;
				CLANG_WARN_INT_CONVERSION = YES;
				CLANG_WARN_NON_LITERAL_NULL_CONVERSION = YES;
				CLANG_WARN_OBJC_IMPLICIT_RETAIN_SELF = YES;
				CLANG_WARN_OBJC_LITERAL_CONVERSION = YES;
				CLANG_WARN_OBJC_ROOT_CLASS = YES_ERROR;
				CLANG_WARN_QUOTED_INCLUDE_IN_FRAMEWORK_HEADER = YES;
				CLANG_WARN_RANGE_LOOP_ANALYSIS = YES;
				CLANG_WARN_STRICT_PROTOTYPES = YES;
				CLANG_WARN_SUSPICIOUS_MOVE = YES;
				CLANG_WARN_UNGUARDED_AVAILABILITY = YES_AGGRESSIVE;
				CLANG_WARN_UNREACHABLE_CODE = YES;
				CLANG_WARN__DUPLICATE_METHOD_MATCH = YES;
				COPY_PHASE_STRIP = NO;
				DEBUG_INFORMATION_FORMAT = "dwarf-with-dsym";
				ENABLE_NS_ASSERTIONS = NO;
				ENABLE_STRICT_OBJC_MSGSEND = YES;
				ENABLE_USER_SCRIPT_SANDBOXING = YES;
				GCC_C_LANGUAGE_STANDARD = gnu17;
				GCC_NO_COMMON_BLOCKS = YES;
				GCC_WARN_64_TO_32_BIT_CONVERSION = YES;
				GCC_WARN_ABOUT_RETURN_TYPE = YES_ERROR;
				GCC_WARN_UNDECLARED_SELECTOR = YES;
				GCC_WARN_UNINITIALIZED_AUTOS = YES_AGGRESSIVE;
				GCC_WARN_UNUSED_FUNCTION = YES;
				GCC_WARN_UNUSED_VARIABLE = YES;
				IPHONEOS_DEPLOYMENT_TARGET = 17.5;
				LOCALIZATION_PREFERS_STRING_CATALOGS = YES;
				MTL_ENABLE_DEBUG_INFO = NO;
				MTL_FAST_MATH = YES;
				SDKROOT = iphoneos;
				SWIFT_COMPILATION_MODE = wholemodule;
				VALIDATE_PRODUCT = YES;
			};
			name = Release;
		};
		7BE7DB6D2C52A52B007F7487 /* Debug */ = {
			isa = XCBuildConfiguration;
			buildSettings = {
				ASSETCATALOG_COMPILER_APPICON_NAME = AppIcon;
				ASSETCATALOG_COMPILER_GLOBAL_ACCENT_COLOR_NAME = AccentColor;
				CODE_SIGN_STYLE = Automatic;
				CURRENT_PROJECT_VERSION = 1;
				DEVELOPMENT_ASSET_PATHS = "\"oneLeft/Preview Content\"";
				DEVELOPMENT_TEAM = 937MK3AF6X;
				ENABLE_PREVIEWS = YES;
				GENERATE_INFOPLIST_FILE = YES;
				INFOPLIST_FILE = oneLeft/Info.plist;
				INFOPLIST_KEY_NSLocalNetworkUsageDescription = "Gostaria de ter acesso a sua rede local";
				INFOPLIST_KEY_UIApplicationSceneManifest_Generation = YES;
				INFOPLIST_KEY_UIApplicationSupportsIndirectInputEvents = YES;
				INFOPLIST_KEY_UILaunchStoryboardName = "Launch Screen.storyboard";
				INFOPLIST_KEY_UISupportedInterfaceOrientations_iPad = "UIInterfaceOrientationPortrait UIInterfaceOrientationPortraitUpsideDown UIInterfaceOrientationLandscapeLeft UIInterfaceOrientationLandscapeRight";
				INFOPLIST_KEY_UISupportedInterfaceOrientations_iPhone = "UIInterfaceOrientationPortrait UIInterfaceOrientationLandscapeLeft UIInterfaceOrientationLandscapeRight";
				LD_RUNPATH_SEARCH_PATHS = (
					"$(inherited)",
					"@executable_path/Frameworks",
				);
				MARKETING_VERSION = 1.0;
				PRODUCT_BUNDLE_IDENTIFIER = com.sampaio.oneLeft;
				PRODUCT_NAME = "$(TARGET_NAME)";
				SWIFT_EMIT_LOC_STRINGS = YES;
				SWIFT_VERSION = 5.0;
				TARGETED_DEVICE_FAMILY = "1,2";
			};
			name = Debug;
		};
		7BE7DB6E2C52A52B007F7487 /* Release */ = {
			isa = XCBuildConfiguration;
			buildSettings = {
				ASSETCATALOG_COMPILER_APPICON_NAME = AppIcon;
				ASSETCATALOG_COMPILER_GLOBAL_ACCENT_COLOR_NAME = AccentColor;
				CODE_SIGN_STYLE = Automatic;
				CURRENT_PROJECT_VERSION = 1;
				DEVELOPMENT_ASSET_PATHS = "\"oneLeft/Preview Content\"";
				DEVELOPMENT_TEAM = 937MK3AF6X;
				ENABLE_PREVIEWS = YES;
				GENERATE_INFOPLIST_FILE = YES;
				INFOPLIST_FILE = oneLeft/Info.plist;
				INFOPLIST_KEY_NSLocalNetworkUsageDescription = "Gostaria de ter acesso a sua rede local";
				INFOPLIST_KEY_UIApplicationSceneManifest_Generation = YES;
				INFOPLIST_KEY_UIApplicationSupportsIndirectInputEvents = YES;
				INFOPLIST_KEY_UILaunchStoryboardName = "Launch Screen.storyboard";
				INFOPLIST_KEY_UISupportedInterfaceOrientations_iPad = "UIInterfaceOrientationPortrait UIInterfaceOrientationPortraitUpsideDown UIInterfaceOrientationLandscapeLeft UIInterfaceOrientationLandscapeRight";
				INFOPLIST_KEY_UISupportedInterfaceOrientations_iPhone = "UIInterfaceOrientationPortrait UIInterfaceOrientationLandscapeLeft UIInterfaceOrientationLandscapeRight";
				LD_RUNPATH_SEARCH_PATHS = (
					"$(inherited)",
					"@executable_path/Frameworks",
				);
				MARKETING_VERSION = 1.0;
				PRODUCT_BUNDLE_IDENTIFIER = com.sampaio.oneLeft;
				PRODUCT_NAME = "$(TARGET_NAME)";
				SWIFT_EMIT_LOC_STRINGS = YES;
				SWIFT_VERSION = 5.0;
				TARGETED_DEVICE_FAMILY = "1,2";
			};
			name = Release;
		};
		7BE7DB702C52A52B007F7487 /* Debug */ = {
			isa = XCBuildConfiguration;
			buildSettings = {
				ALWAYS_EMBED_SWIFT_STANDARD_LIBRARIES = YES;
				BUNDLE_LOADER = "$(TEST_HOST)";
				CODE_SIGN_STYLE = Automatic;
				CURRENT_PROJECT_VERSION = 1;
				DEVELOPMENT_TEAM = 937MK3AF6X;
				GENERATE_INFOPLIST_FILE = YES;
				IPHONEOS_DEPLOYMENT_TARGET = 17.5;
				MARKETING_VERSION = 1.0;
				PRODUCT_BUNDLE_IDENTIFIER = com.sampaio.oneLeft.oneLeftTests;
				PRODUCT_NAME = "$(TARGET_NAME)";
				SWIFT_EMIT_LOC_STRINGS = NO;
				SWIFT_VERSION = 5.0;
				TARGETED_DEVICE_FAMILY = "1,2";
				TEST_HOST = "$(BUILT_PRODUCTS_DIR)/oneLeft.app/$(BUNDLE_EXECUTABLE_FOLDER_PATH)/oneLeft";
			};
			name = Debug;
		};
		7BE7DB712C52A52B007F7487 /* Release */ = {
			isa = XCBuildConfiguration;
			buildSettings = {
				ALWAYS_EMBED_SWIFT_STANDARD_LIBRARIES = YES;
				BUNDLE_LOADER = "$(TEST_HOST)";
				CODE_SIGN_STYLE = Automatic;
				CURRENT_PROJECT_VERSION = 1;
				DEVELOPMENT_TEAM = 937MK3AF6X;
				GENERATE_INFOPLIST_FILE = YES;
				IPHONEOS_DEPLOYMENT_TARGET = 17.5;
				MARKETING_VERSION = 1.0;
				PRODUCT_BUNDLE_IDENTIFIER = com.sampaio.oneLeft.oneLeftTests;
				PRODUCT_NAME = "$(TARGET_NAME)";
				SWIFT_EMIT_LOC_STRINGS = NO;
				SWIFT_VERSION = 5.0;
				TARGETED_DEVICE_FAMILY = "1,2";
				TEST_HOST = "$(BUILT_PRODUCTS_DIR)/oneLeft.app/$(BUNDLE_EXECUTABLE_FOLDER_PATH)/oneLeft";
			};
			name = Release;
		};
		7BE7DB732C52A52B007F7487 /* Debug */ = {
			isa = XCBuildConfiguration;
			buildSettings = {
				ALWAYS_EMBED_SWIFT_STANDARD_LIBRARIES = YES;
				CODE_SIGN_STYLE = Automatic;
				CURRENT_PROJECT_VERSION = 1;
				DEVELOPMENT_TEAM = 937MK3AF6X;
				GENERATE_INFOPLIST_FILE = YES;
				MARKETING_VERSION = 1.0;
				PRODUCT_BUNDLE_IDENTIFIER = com.sampaio.oneLeft.oneLeftUITests;
				PRODUCT_NAME = "$(TARGET_NAME)";
				SWIFT_EMIT_LOC_STRINGS = NO;
				SWIFT_VERSION = 5.0;
				TARGETED_DEVICE_FAMILY = "1,2";
				TEST_TARGET_NAME = oneLeft;
			};
			name = Debug;
		};
		7BE7DB742C52A52B007F7487 /* Release */ = {
			isa = XCBuildConfiguration;
			buildSettings = {
				ALWAYS_EMBED_SWIFT_STANDARD_LIBRARIES = YES;
				CODE_SIGN_STYLE = Automatic;
				CURRENT_PROJECT_VERSION = 1;
				DEVELOPMENT_TEAM = 937MK3AF6X;
				GENERATE_INFOPLIST_FILE = YES;
				MARKETING_VERSION = 1.0;
				PRODUCT_BUNDLE_IDENTIFIER = com.sampaio.oneLeft.oneLeftUITests;
				PRODUCT_NAME = "$(TARGET_NAME)";
				SWIFT_EMIT_LOC_STRINGS = NO;
				SWIFT_VERSION = 5.0;
				TARGETED_DEVICE_FAMILY = "1,2";
				TEST_TARGET_NAME = oneLeft;
			};
			name = Release;
		};
/* End XCBuildConfiguration section */

/* Begin XCConfigurationList section */
		7BE7DB3E2C52A526007F7487 /* Build configuration list for PBXProject "oneLeft" */ = {
			isa = XCConfigurationList;
			buildConfigurations = (
				7BE7DB6A2C52A52B007F7487 /* Debug */,
				7BE7DB6B2C52A52B007F7487 /* Release */,
			);
			defaultConfigurationIsVisible = 0;
			defaultConfigurationName = Release;
		};
		7BE7DB6C2C52A52B007F7487 /* Build configuration list for PBXNativeTarget "oneLeft" */ = {
			isa = XCConfigurationList;
			buildConfigurations = (
				7BE7DB6D2C52A52B007F7487 /* Debug */,
				7BE7DB6E2C52A52B007F7487 /* Release */,
			);
			defaultConfigurationIsVisible = 0;
			defaultConfigurationName = Release;
		};
		7BE7DB6F2C52A52B007F7487 /* Build configuration list for PBXNativeTarget "oneLeftTests" */ = {
			isa = XCConfigurationList;
			buildConfigurations = (
				7BE7DB702C52A52B007F7487 /* Debug */,
				7BE7DB712C52A52B007F7487 /* Release */,
			);
			defaultConfigurationIsVisible = 0;
			defaultConfigurationName = Release;
		};
		7BE7DB722C52A52B007F7487 /* Build configuration list for PBXNativeTarget "oneLeftUITests" */ = {
			isa = XCConfigurationList;
			buildConfigurations = (
				7BE7DB732C52A52B007F7487 /* Debug */,
				7BE7DB742C52A52B007F7487 /* Release */,
			);
			defaultConfigurationIsVisible = 0;
			defaultConfigurationName = Release;
		};
/* End XCConfigurationList section */

/* Begin XCVersionGroup section */
		7BE7DB512C52A52A007F7487 /* oneLeft.xcdatamodeld */ = {
			isa = XCVersionGroup;
			children = (
				7BE7DB522C52A52A007F7487 /* oneLeft.xcdatamodel */,
			);
			currentVersion = 7BE7DB522C52A52A007F7487 /* oneLeft.xcdatamodel */;
			path = oneLeft.xcdatamodeld;
			sourceTree = "<group>";
			versionGroupType = wrapper.xcdatamodel;
		};
/* End XCVersionGroup section */
	};
	rootObject = 7BE7DB3B2C52A526007F7487 /* Project object */;
}
